Microsoft Visual Studio Solution File, Format Version 12.00
# Visual Studio Version 17
VisualStudioVersion = 17.5.2.0
MinimumVisualStudioVersion = 10.0.40219.1
Project("{FAE04EC0-301F-11D3-BF4B-00C04F79EFBC}") = "apptienda", "apptienda.csproj", "{C428E492-74DE-0007-A7A0-1300FE22E7FE}"
EndProject
Global
	GlobalSection(SolutionConfigurationPlatforms) = preSolution
		Debug|Any CPU = Debug|Any CPU
		Release|Any CPU = Release|Any CPU
	EndGlobalSection
	GlobalSection(ProjectConfigurationPlatforms) = postSolution
		{C428E492-74DE-0007-A7A0-1300FE22E7FE}.Debug|Any CPU.ActiveCfg = Debug|Any CPU
		{C428E492-74DE-0007-A7A0-1300FE22E7FE}.Debug|Any CPU.Build.0 = Debug|Any CPU
		{C428E492-74DE-0007-A7A0-1300FE22E7FE}.Release|Any CPU.ActiveCfg = Release|Any CPU
		{C428E492-74DE-0007-A7A0-1300FE22E7FE}.Release|Any CPU.Build.0 = Release|Any CPU
	EndGlobalSection
	GlobalSection(SolutionProperties) = preSolution
		HideSolutionNode = FALSE
	EndGlobalSection
	GlobalSection(ExtensibilityGlobals) = postSolution
		SolutionGuid = {EC4DCCDC-0B9B-4E29-9712-DCD8B664C0E9}
	EndGlobalSection
EndGlobal
